# This file was autogenerated by Stack.
# You should not edit this file by hand.
# For more information, please see the documentation at:
#   https://docs.haskellstack.org/en/stable/lock_files

packages:
- completed:
    hackage: hspec-2.3.2@sha256:8a3ae450d3b4ede2305e1d9f6cf9b680efba44ed3d490b2b81533e416f92f733,2386
    pantry-tree:
      sha256: 509603e649a0a79acd74fcc604502c5d2b9c86e195a8b481a36c9ce9c8b04e0d
      size: 882
  original:
    hackage: hspec-2.3.2
- completed:
    hackage: hspec-core-2.3.2@sha256:8172abb96015055f679c7f8c01629067e65a26254b78d065c75aa0657e21fa6d,3328
    pantry-tree:
      sha256: a7c79698ce5a69a5ab5854785e4b33c3a20239fbde2cf3bbab34cbcaabe0cffb
      size: 2334
  original:
    hackage: hspec-core-2.3.2
- completed:
    hackage: hspec-discover-2.3.2@sha256:43c80673d84183f83766f7f3f6b01614c1b1e9c69de4a89c9277adb479caaaf4,1873
    pantry-tree:
      sha256: 003be4aa064ee396eec936d2c3308dfb80912209166795cfe393a41c30821a56
      size: 892
  original:
    hackage: hspec-discover-2.3.2
- completed:
    hackage: hspec-expectations-0.8.2@sha256:e2db24881baadc2d9d23b03cb629e80dcbda89a6b04ace9adb5f4d02ef8b31aa,1594
    pantry-tree:
      sha256: cba2c119c85cf68a18d35cccb365d032359442c82ceb93b295020609712d791f
      size: 602
  original:
    hackage: hspec-expectations-0.8.2
- completed:
    hackage: call-stack-0.1.0@sha256:3453a0c5ed3a7a7de0cc0703907e05bd251c766cce8a38efe41b7188d228e3fa,1109
    pantry-tree:
      sha256: 3d0b0fb0cd1d488f90653f0741c42ee01870646adcedf89518d558534dce898b
      size: 500
  original:
    hackage: call-stack-0.1.0
snapshots:
- completed:
    sha256: 2fc12a405ab6f7eac73eb11a0ca5ccca0e956bd2848db780c140b7406ff9ebb5
    size: 640035
    url: https://raw.githubusercontent.com/commercialhaskell/stackage-snapshots/master/lts/21/9.yaml
  original: lts-21.9
